// !$*UTF8*$!
{
	archiveVersion = 1;
	classes = {
	};
	objectVersion = 55;
	objects = {

/* Begin PBXBuildFile section */
		9AAC924D179BCEF0E15307D9 /* libPods-YoutubeAPI.a in Frameworks */ = {isa = PBXBuildFile; fileRef = A615E869ACD7693BD0DB4C0E /* libPods-YoutubeAPI.a */; };
		EB3A27E128F7489500C3C16E /* BasePageViewController.swift in Sources */ = {isa = PBXBuildFile; fileRef = EB3A27E028F7489500C3C16E /* BasePageViewController.swift */; };
		EBDA118B28F441AA00CA3BC3 /* AppDelegate.swift in Sources */ = {isa = PBXBuildFile; fileRef = EBDA118A28F441AA00CA3BC3 /* AppDelegate.swift */; };
		EBDA118D28F441AA00CA3BC3 /* SceneDelegate.swift in Sources */ = {isa = PBXBuildFile; fileRef = EBDA118C28F441AA00CA3BC3 /* SceneDelegate.swift */; };
		EBDA119428F441AE00CA3BC3 /* Assets.xcassets in Resources */ = {isa = PBXBuildFile; fileRef = EBDA119328F441AE00CA3BC3 /* Assets.xcassets */; };
		EBDA119728F441AE00CA3BC3 /* LaunchScreen.storyboard in Resources */ = {isa = PBXBuildFile; fileRef = EBDA119528F441AE00CA3BC3 /* LaunchScreen.storyboard */; };
		EBDA11B128F5E34500CA3BC3 /* CollectionViewTableViewCell.swift in Sources */ = {isa = PBXBuildFile; fileRef = EBDA11B028F5E34500CA3BC3 /* CollectionViewTableViewCell.swift */; };
		EBDA11B428F5E3B300CA3BC3 /* Title.swift in Sources */ = {isa = PBXBuildFile; fileRef = EBDA11B328F5E3B300CA3BC3 /* Title.swift */; };
		EBDA11B728F5E40C00CA3BC3 /* TitleCollectionViewCell.swift in Sources */ = {isa = PBXBuildFile; fileRef = EBDA11B628F5E40C00CA3BC3 /* TitleCollectionViewCell.swift */; };
		EBDA11C128F5E68500CA3BC3 /* TitleViewModel.swift in Sources */ = {isa = PBXBuildFile; fileRef = EBDA11C028F5E68500CA3BC3 /* TitleViewModel.swift */; };
		EBDA11C928F5E85600CA3BC3 /* HomeViewController.swift in Sources */ = {isa = PBXBuildFile; fileRef = EBDA11C828F5E85600CA3BC3 /* HomeViewController.swift */; };
		EBDA11D028F5EA1500CA3BC3 /* APICaller.swift in Sources */ = {isa = PBXBuildFile; fileRef = EBDA11CF28F5EA1500CA3BC3 /* APICaller.swift */; };
/* End PBXBuildFile section */

/* Begin PBXFileReference section */
		034173F2D1D2DE6EA7A08AE4 /* Pods-YoutubeAPI.debug.xcconfig */ = {isa = PBXFileReference; includeInIndex = 1; lastKnownFileType = text.xcconfig; name = "Pods-YoutubeAPI.debug.xcconfig"; path = "Target Support Files/Pods-YoutubeAPI/Pods-YoutubeAPI.debug.xcconfig"; sourceTree = "<group>"; };
		A615E869ACD7693BD0DB4C0E /* libPods-YoutubeAPI.a */ = {isa = PBXFileReference; explicitFileType = archive.ar; includeInIndex = 0; path = "libPods-YoutubeAPI.a"; sourceTree = BUILT_PRODUCTS_DIR; };
		AF9C487B95978EF375EC827D /* Pods-YoutubeAPI.release.xcconfig */ = {isa = PBXFileReference; includeInIndex = 1; lastKnownFileType = text.xcconfig; name = "Pods-YoutubeAPI.release.xcconfig"; path = "Target Support Files/Pods-YoutubeAPI/Pods-YoutubeAPI.release.xcconfig"; sourceTree = "<group>"; };
		EB3A27E028F7489500C3C16E /* BasePageViewController.swift */ = {isa = PBXFileReference; lastKnownFileType = sourcecode.swift; path = BasePageViewController.swift; sourceTree = "<group>"; };
		EBDA118728F441AA00CA3BC3 /* YoutubeAPI.app */ = {isa = PBXFileReference; explicitFileType = wrapper.application; includeInIndex = 0; path = YoutubeAPI.app; sourceTree = BUILT_PRODUCTS_DIR; };
		EBDA118A28F441AA00CA3BC3 /* AppDelegate.swift */ = {isa = PBXFileReference; lastKnownFileType = sourcecode.swift; path = AppDelegate.swift; sourceTree = "<group>"; };
		EBDA118C28F441AA00CA3BC3 /* SceneDelegate.swift */ = {isa = PBXFileReference; lastKnownFileType = sourcecode.swift; path = SceneDelegate.swift; sourceTree = "<group>"; };
		EBDA119328F441AE00CA3BC3 /* Assets.xcassets */ = {isa = PBXFileReference; lastKnownFileType = folder.assetcatalog; path = Assets.xcassets; sourceTree = "<group>"; };
		EBDA119628F441AE00CA3BC3 /* Base */ = {isa = PBXFileReference; lastKnownFileType = file.storyboard; name = Base; path = Base.lproj/LaunchScreen.storyboard; sourceTree = "<group>"; };
		EBDA119828F441AE00CA3BC3 /* Info.plist */ = {isa = PBXFileReference; lastKnownFileType = text.plist.xml; path = Info.plist; sourceTree = "<group>"; };
		EBDA11B028F5E34500CA3BC3 /* CollectionViewTableViewCell.swift */ = {isa = PBXFileReference; lastKnownFileType = sourcecode.swift; path = CollectionViewTableViewCell.swift; sourceTree = "<group>"; };
		EBDA11B328F5E3B300CA3BC3 /* Title.swift */ = {isa = PBXFileReference; lastKnownFileType = sourcecode.swift; path = Title.swift; sourceTree = "<group>"; };
		EBDA11B628F5E40C00CA3BC3 /* TitleCollectionViewCell.swift */ = {isa = PBXFileReference; lastKnownFileType = sourcecode.swift; path = TitleCollectionViewCell.swift; sourceTree = "<group>"; };
		EBDA11C028F5E68500CA3BC3 /* TitleViewModel.swift */ = {isa = PBXFileReference; lastKnownFileType = sourcecode.swift; path = TitleViewModel.swift; sourceTree = "<group>"; };
		EBDA11C828F5E85600CA3BC3 /* HomeViewController.swift */ = {isa = PBXFileReference; lastKnownFileType = sourcecode.swift; path = HomeViewController.swift; sourceTree = "<group>"; };
		EBDA11CF28F5EA1500CA3BC3 /* APICaller.swift */ = {isa = PBXFileReference; lastKnownFileType = sourcecode.swift; path = APICaller.swift; sourceTree = "<group>"; };
/* End PBXFileReference section */

/* Begin PBXFrameworksBuildPhase section */
		EBDA118428F441AA00CA3BC3 /* Frameworks */ = {
			isa = PBXFrameworksBuildPhase;
			buildActionMask = 2147483647;
			files = (
				9AAC924D179BCEF0E15307D9 /* libPods-YoutubeAPI.a in Frameworks */,
			);
			runOnlyForDeploymentPostprocessing = 0;
		};
/* End PBXFrameworksBuildPhase section */

/* Begin PBXGroup section */
		CE6033CE1EEFC085297F9967 /* Frameworks */ = {
			isa = PBXGroup;
			children = (
				A615E869ACD7693BD0DB4C0E /* libPods-YoutubeAPI.a */,
			);
			name = Frameworks;
			sourceTree = "<group>";
		};
		D5A7BCC0B7A56D58ACBF5223 /* Pods */ = {
			isa = PBXGroup;
			children = (
				034173F2D1D2DE6EA7A08AE4 /* Pods-YoutubeAPI.debug.xcconfig */,
				AF9C487B95978EF375EC827D /* Pods-YoutubeAPI.release.xcconfig */,
			);
			path = Pods;
			sourceTree = "<group>";
		};
		EBDA117E28F441AA00CA3BC3 = {
			isa = PBXGroup;
			children = (
				EBDA11CE28F5E9EF00CA3BC3 /* Manegers */,
				EBDA11BF28F5E64500CA3BC3 /* ViewModels */,
				EBDA11BC28F5E5CA00CA3BC3 /* Resources */,
				EBDA11B528F5E3DB00CA3BC3 /* Views */,
				EBDA11B228F5E39C00CA3BC3 /* Models */,
				EBDA118928F441AA00CA3BC3 /* Controllers */,
				EBDA118828F441AA00CA3BC3 /* Products */,
				D5A7BCC0B7A56D58ACBF5223 /* Pods */,
				CE6033CE1EEFC085297F9967 /* Frameworks */,
			);
			sourceTree = "<group>";
		};
		EBDA118828F441AA00CA3BC3 /* Products */ = {
			isa = PBXGroup;
			children = (
				EBDA118728F441AA00CA3BC3 /* YoutubeAPI.app */,
			);
			name = Products;
			sourceTree = "<group>";
		};
		EBDA118928F441AA00CA3BC3 /* Controllers */ = {
			isa = PBXGroup;
			children = (
				EBDA11BE28F5E61800CA3BC3 /* Core */,
				EBDA11BD28F5E5FF00CA3BC3 /* General */,
				EBDA119328F441AE00CA3BC3 /* Assets.xcassets */,
				EBDA119528F441AE00CA3BC3 /* LaunchScreen.storyboard */,
				EBDA119828F441AE00CA3BC3 /* Info.plist */,
			);
			path = Controllers;
			sourceTree = "<group>";
		};
		EBDA11B228F5E39C00CA3BC3 /* Models */ = {
			isa = PBXGroup;
			children = (
				EBDA11B328F5E3B300CA3BC3 /* Title.swift */,
			);
			path = Models;
			sourceTree = "<group>";
		};
		EBDA11B528F5E3DB00CA3BC3 /* Views */ = {
			isa = PBXGroup;
			children = (
				EBDA11B028F5E34500CA3BC3 /* CollectionViewTableViewCell.swift */,
				EBDA11B628F5E40C00CA3BC3 /* TitleCollectionViewCell.swift */,
				EB3A27E028F7489500C3C16E /* BasePageViewController.swift */,
			);
			path = Views;
			sourceTree = "<group>";
		};
		EBDA11BC28F5E5CA00CA3BC3 /* Resources */ = {
			isa = PBXGroup;
			children = (
				EBDA118A28F441AA00CA3BC3 /* AppDelegate.swift */,
				EBDA118C28F441AA00CA3BC3 /* SceneDelegate.swift */,
			);
			path = Resources;
			sourceTree = "<group>";
		};
		EBDA11BD28F5E5FF00CA3BC3 /* General */ = {
			isa = PBXGroup;
			children = (
			);
			path = General;
			sourceTree = "<group>";
		};
		EBDA11BE28F5E61800CA3BC3 /* Core */ = {
			isa = PBXGroup;
			children = (
				EBDA11C828F5E85600CA3BC3 /* HomeViewController.swift */,
			);
			path = Core;
			sourceTree = "<group>";
		};
		EBDA11BF28F5E64500CA3BC3 /* ViewModels */ = {
			isa = PBXGroup;
			children = (
				EBDA11C028F5E68500CA3BC3 /* TitleViewModel.swift */,
			);
			path = ViewModels;
			sourceTree = "<group>";
		};
		EBDA11CE28F5E9EF00CA3BC3 /* Manegers */ = {
			isa = PBXGroup;
			children = (
				EBDA11CF28F5EA1500CA3BC3 /* APICaller.swift */,
			);
			path = Manegers;
			sourceTree = "<group>";
		};
/* End PBXGroup section */

/* Begin PBXNativeTarget section */
		EBDA118628F441AA00CA3BC3 /* YoutubeAPI */ = {
			isa = PBXNativeTarget;
			buildConfigurationList = EBDA119B28F441AE00CA3BC3 /* Build configuration list for PBXNativeTarget "YoutubeAPI" */;
			buildPhases = (
				61A601D0F398A5BE0D91BB40 /* [CP] Check Pods Manifest.lock */,
				EBDA118328F441AA00CA3BC3 /* Sources */,
				EBDA118428F441AA00CA3BC3 /* Frameworks */,
				EBDA118528F441AA00CA3BC3 /* Resources */,
				C79B89F87D83B555FD757BB1 /* [CP] Copy Pods Resources */,
			);
			buildRules = (
			);
			dependencies = (
			);
			name = YoutubeAPI;
			productName = YoutubeAPI;
			productReference = EBDA118728F441AA00CA3BC3 /* YoutubeAPI.app */;
			productType = "com.apple.product-type.application";
		};
/* End PBXNativeTarget section */

/* Begin PBXProject section */
		EBDA117F28F441AA00CA3BC3 /* Project object */ = {
			isa = PBXProject;
			attributes = {
				BuildIndependentTargetsInParallel = 1;
				LastSwiftUpdateCheck = 1340;
				LastUpgradeCheck = 1340;
				TargetAttributes = {
					EBDA118628F441AA00CA3BC3 = {
						CreatedOnToolsVersion = 13.4.1;
					};
				};
			};
			buildConfigurationList = EBDA118228F441AA00CA3BC3 /* Build configuration list for PBXProject "YoutubeAPI" */;
			compatibilityVersion = "Xcode 13.0";
			developmentRegion = en;
			hasScannedForEncodings = 0;
			knownRegions = (
				en,
				Base,
			);
			mainGroup = EBDA117E28F441AA00CA3BC3;
			productRefGroup = EBDA118828F441AA00CA3BC3 /* Products */;
			projectDirPath = "";
			projectRoot = "";
			targets = (
				EBDA118628F441AA00CA3BC3 /* YoutubeAPI */,
			);
		};
/* End PBXProject section */

/* Begin PBXResourcesBuildPhase section */
		EBDA118528F441AA00CA3BC3 /* Resources */ = {
			isa = PBXResourcesBuildPhase;
			buildActionMask = 2147483647;
			files = (
				EBDA119728F441AE00CA3BC3 /* LaunchScreen.storyboard in Resources */,
				EBDA119428F441AE00CA3BC3 /* Assets.xcassets in Resources */,
			);
			runOnlyForDeploymentPostprocessing = 0;
		};
/* End PBXResourcesBuildPhase section */

/* Begin PBXShellScriptBuildPhase section */
		61A601D0F398A5BE0D91BB40 /* [CP] Check Pods Manifest.lock */ = {
			isa = PBXShellScriptBuildPhase;
			buildActionMask = 2147483647;
			files = (
			);
			inputFileListPaths = (
			);
			inputPaths = (
				"${PODS_PODFILE_DIR_PATH}/Podfile.lock",
				"${PODS_ROOT}/Manifest.lock",
			);
			name = "[CP] Check Pods Manifest.lock";
			outputFileListPaths = (
			);
			outputPaths = (
				"$(DERIVED_FILE_DIR)/Pods-YoutubeAPI-checkManifestLockResult.txt",
			);
			runOnlyForDeploymentPostprocessing = 0;
			shellPath = /bin/sh;
			shellScript = "diff \"${PODS_PODFILE_DIR_PATH}/Podfile.lock\" \"${PODS_ROOT}/Manifest.lock\" > /dev/null\nif [ $? != 0 ] ; then\n    # print error to STDERR\n    echo \"error: The sandbox is not in sync with the Podfile.lock. Run 'pod install' or update your CocoaPods installation.\" >&2\n    exit 1\nfi\n# This output is used by Xcode 'outputs' to avoid re-running this script phase.\necho \"SUCCESS\" > \"${SCRIPT_OUTPUT_FILE_0}\"\n";
			showEnvVarsInLog = 0;
		};
		C79B89F87D83B555FD757BB1 /* [CP] Copy Pods Resources */ = {
			isa = PBXShellScriptBuildPhase;
			buildActionMask = 2147483647;
			files = (
			);
			inputFileListPaths = (
				"${PODS_ROOT}/Target Support Files/Pods-YoutubeAPI/Pods-YoutubeAPI-resources-${CONFIGURATION}-input-files.xcfilelist",
			);
			name = "[CP] Copy Pods Resources";
			outputFileListPaths = (
				"${PODS_ROOT}/Target Support Files/Pods-YoutubeAPI/Pods-YoutubeAPI-resources-${CONFIGURATION}-output-files.xcfilelist",
			);
			runOnlyForDeploymentPostprocessing = 0;
			shellPath = /bin/sh;
			shellScript = "\"${PODS_ROOT}/Target Support Files/Pods-YoutubeAPI/Pods-YoutubeAPI-resources.sh\"\n";
			showEnvVarsInLog = 0;
		};
/* End PBXShellScriptBuildPhase section */

/* Begin PBXSourcesBuildPhase section */
		EBDA118328F441AA00CA3BC3 /* Sources */ = {
			isa = PBXSourcesBuildPhase;
			buildActionMask = 2147483647;
			files = (
				EB3A27E128F7489500C3C16E /* BasePageViewController.swift in Sources */,
				EBDA11B428F5E3B300CA3BC3 /* Title.swift in Sources */,
				EBDA118B28F441AA00CA3BC3 /* AppDelegate.swift in Sources */,
				EBDA11B728F5E40C00CA3BC3 /* TitleCollectionViewCell.swift in Sources */,
				EBDA118D28F441AA00CA3BC3 /* SceneDelegate.swift in Sources */,
				EBDA11C128F5E68500CA3BC3 /* TitleViewModel.swift in Sources */,
				EBDA11B128F5E34500CA3BC3 /* CollectionViewTableViewCell.swift in Sources */,
				EBDA11D028F5EA1500CA3BC3 /* APICaller.swift in Sources */,
				EBDA11C928F5E85600CA3BC3 /* HomeViewController.swift in Sources */,
			);
			runOnlyForDeploymentPostprocessing = 0;
		};
/* End PBXSourcesBuildPhase section */

/* Begin PBXVariantGroup section */
		EBDA119528F441AE00CA3BC3 /* LaunchScreen.storyboard */ = {
			isa = PBXVariantGroup;
			children = (
				EBDA119628F441AE00CA3BC3 /* Base */,
			);
			name = LaunchScreen.storyboard;
			sourceTree = "<group>";
		};
/* End PBXVariantGroup section */

/* Begin XCBuildConfiguration section */
		EBDA119928F441AE00CA3BC3 /* Debug */ = {
			isa = XCBuildConfiguration;
			buildSettings = {
				ALWAYS_SEARCH_USER_PATHS = NO;
				CLANG_ANALYZER_NONNULL = YES;
				CLANG_ANALYZER_NUMBER_OBJECT_CONVERSION = YES_AGGRESSIVE;
				CLANG_CXX_LANGUAGE_STANDARD = "gnu++17";
				CLANG_ENABLE_MODULES = YES;
				CLANG_ENABLE_OBJC_ARC = YES;
				CLANG_ENABLE_OBJC_WEAK = YES;
				CLANG_WARN_BLOCK_CAPTURE_AUTORELEASING = YES;
				CLANG_WARN_BOOL_CONVERSION = YES;
				CLANG_WARN_COMMA = YES;
				CLANG_WARN_CONSTANT_CONVERSION = YES;
				CLANG_WARN_DEPRECATED_OBJC_IMPLEMENTATIONS = YES;
				CLANG_WARN_DIRECT_OBJC_ISA_USAGE = YES_ERROR;
				CLANG_WARN_DOCUMENTATION_COMMENTS = YES;
				CLANG_WARN_EMPTY_BODY = YES;
				CLANG_WARN_ENUM_CONVERSION = YES;
				CLANG_WARN_INFINITE_RECURSION = YES;
				CLANG_WARN_INT_CONVERSION = YES;
				CLANG_WARN_NON_LITERAL_NULL_CONVERSION = YES;
				CLANG_WARN_OBJC_IMPLICIT_RETAIN_SELF = YES;
				CLANG_WARN_OBJC_LITERAL_CONVERSION = YES;
				CLANG_WARN_OBJC_ROOT_CLASS = YES_ERROR;
				CLANG_WARN_QUOTED_INCLUDE_IN_FRAMEWORK_HEADER = YES;
				CLANG_WARN_RANGE_LOOP_ANALYSIS = YES;
				CLANG_WARN_STRICT_PROTOTYPES = YES;
				CLANG_WARN_SUSPICIOUS_MOVE = YES;
				CLANG_WARN_UNGUARDED_AVAILABILITY = YES_AGGRESSIVE;
				CLANG_WARN_UNREACHABLE_CODE = YES;
				CLANG_WARN__DUPLICATE_METHOD_MATCH = YES;
				COPY_PHASE_STRIP = NO;
				DEBUG_INFORMATION_FORMAT = dwarf;
				ENABLE_STRICT_OBJC_MSGSEND = YES;
				ENABLE_TESTABILITY = YES;
				GCC_C_LANGUAGE_STANDARD = gnu11;
				GCC_DYNAMIC_NO_PIC = NO;
				GCC_NO_COMMON_BLOCKS = YES;
				GCC_OPTIMIZATION_LEVEL = 0;
				GCC_PREPROCESSOR_DEFINITIONS = (
					"DEBUG=1",
					"$(inherited)",
				);
				GCC_WARN_64_TO_32_BIT_CONVERSION = YES;
				GCC_WARN_ABOUT_RETURN_TYPE = YES_ERROR;
				GCC_WARN_UNDECLARED_SELECTOR = YES;
				GCC_WARN_UNINITIALIZED_AUTOS = YES_AGGRESSIVE;
				GCC_WARN_UNUSED_FUNCTION = YES;
				GCC_WARN_UNUSED_VARIABLE = YES;
				IPHONEOS_DEPLOYMENT_TARGET = 15.5;
				MTL_ENABLE_DEBUG_INFO = INCLUDE_SOURCE;
				MTL_FAST_MATH = YES;
				ONLY_ACTIVE_ARCH = YES;
				SDKROOT = iphoneos;
				SWIFT_ACTIVE_COMPILATION_CONDITIONS = DEBUG;
				SWIFT_OPTIMIZATION_LEVEL = "-Onone";
			};
			name = Debug;
		};
		EBDA119A28F441AE00CA3BC3 /* Release */ = {
			isa = XCBuildConfiguration;
			buildSettings = {
				ALWAYS_SEARCH_USER_PATHS = NO;
				CLANG_ANALYZER_NONNULL = YES;
				CLANG_ANALYZER_NUMBER_OBJECT_CONVERSION = YES_AGGRESSIVE;
				CLANG_CXX_LANGUAGE_STANDARD = "gnu++17";
				CLANG_ENABLE_MODULES = YES;
				CLANG_ENABLE_OBJC_ARC = YES;
				CLANG_ENABLE_OBJC_WEAK = YES;
				CLANG_WARN_BLOCK_CAPTURE_AUTORELEASING = YES;
				CLANG_WARN_BOOL_CONVERSION = YES;
				CLANG_WARN_COMMA = YES;
				CLANG_WARN_CONSTANT_CONVERSION = YES;
				CLANG_WARN_DEPRECATED_OBJC_IMPLEMENTATIONS = YES;
				CLANG_WARN_DIRECT_OBJC_ISA_USAGE = YES_ERROR;
				CLANG_WARN_DOCUMENTATION_COMMENTS = YES;
				CLANG_WARN_EMPTY_BODY = YES;
				CLANG_WARN_ENUM_CONVERSION = YES;
				CLANG_WARN_INFINITE_RECURSION = YES;
				CLANG_WARN_INT_CONVERSION = YES;
				CLANG_WARN_NON_LITERAL_NULL_CONVERSION = YES;
				CLANG_WARN_OBJC_IMPLICIT_RETAIN_SELF = YES;
				CLANG_WARN_OBJC_LITERAL_CONVERSION = YES;
				CLANG_WARN_OBJC_ROOT_CLASS = YES_ERROR;
				CLANG_WARN_QUOTED_INCLUDE_IN_FRAMEWORK_HEADER = YES;
				CLANG_WARN_RANGE_LOOP_ANALYSIS = YES;
				CLANG_WARN_STRICT_PROTOTYPES = YES;
				CLANG_WARN_SUSPICIOUS_MOVE = YES;
				CLANG_WARN_UNGUARDED_AVAILABILITY = YES_AGGRESSIVE;
				CLANG_WARN_UNREACHABLE_CODE = YES;
				CLANG_WARN__DUPLICATE_METHOD_MATCH = YES;
				COPY_PHASE_STRIP = NO;
				DEBUG_INFORMATION_FORMAT = "dwarf-with-dsym";
				ENABLE_NS_ASSERTIONS = NO;
				ENABLE_STRICT_OBJC_MSGSEND = YES;
				GCC_C_LANGUAGE_STANDARD = gnu11;
				GCC_NO_COMMON_BLOCKS = YES;
				GCC_WARN_64_TO_32_BIT_CONVERSION = YES;
				GCC_WARN_ABOUT_RETURN_TYPE = YES_ERROR;
				GCC_WARN_UNDECLARED_SELECTOR = YES;
				GCC_WARN_UNINITIALIZED_AUTOS = YES_AGGRESSIVE;
				GCC_WARN_UNUSED_FUNCTION = YES;
				GCC_WARN_UNUSED_VARIABLE = YES;
				IPHONEOS_DEPLOYMENT_TARGET = 15.5;
				MTL_ENABLE_DEBUG_INFO = NO;
				MTL_FAST_MATH = YES;
				SDKROOT = iphoneos;
				SWIFT_COMPILATION_MODE = wholemodule;
				SWIFT_OPTIMIZATION_LEVEL = "-O";
				VALIDATE_PRODUCT = YES;
			};
			name = Release;
		};
		EBDA119C28F441AE00CA3BC3 /* Debug */ = {
			isa = XCBuildConfiguration;
			baseConfigurationReference = 034173F2D1D2DE6EA7A08AE4 /* Pods-YoutubeAPI.debug.xcconfig */;
			buildSettings = {
				ASSETCATALOG_COMPILER_APPICON_NAME = AppIcon;
				ASSETCATALOG_COMPILER_GLOBAL_ACCENT_COLOR_NAME = AccentColor;
				CODE_SIGN_STYLE = Automatic;
				CURRENT_PROJECT_VERSION = 1;
				DEVELOPMENT_TEAM = 33W6NCYSCB;
				GENERATE_INFOPLIST_FILE = YES;
				INFOPLIST_FILE = /Users/Kolya/Documents/SWIFT/YoutubeAPI/Controllers/Info.plist;
				INFOPLIST_KEY_UIApplicationSupportsIndirectInputEvents = YES;
				INFOPLIST_KEY_UILaunchStoryboardName = LaunchScreen;
				INFOPLIST_KEY_UISupportedInterfaceOrientations_iPad = "UIInterfaceOrientationPortrait UIInterfaceOrientationPortraitUpsideDown UIInterfaceOrientationLandscapeLeft UIInterfaceOrientationLandscapeRight";
				INFOPLIST_KEY_UISupportedInterfaceOrientations_iPhone = "UIInterfaceOrientationPortrait UIInterfaceOrientationLandscapeLeft UIInterfaceOrientationLandscapeRight";
				LD_RUNPATH_SEARCH_PATHS = (
					"$(inherited)",
					"@executable_path/Frameworks",
				);
				MARKETING_VERSION = 1.0;
				PRODUCT_BUNDLE_IDENTIFIER = com.kolyavepryk.YoutubeAPI;
				PRODUCT_NAME = "$(TARGET_NAME)";
				SWIFT_EMIT_LOC_STRINGS = YES;
				SWIFT_VERSION = 5.0;
				TARGETED_DEVICE_FAMILY = 1;
			};
			name = Debug;
		};
		EBDA119D28F441AE00CA3BC3 /* Release */ = {
			isa = XCBuildConfiguration;
			baseConfigurationReference = AF9C487B95978EF375EC827D /* Pods-YoutubeAPI.release.xcconfig */;
			buildSettings = {
				ASSETCATALOG_COMPILER_APPICON_NAME = AppIcon;
				ASSETCATALOG_COMPILER_GLOBAL_ACCENT_COLOR_NAME = AccentColor;
				CODE_SIGN_STYLE = Automatic;
				CURRENT_PROJECT_VERSION = 1;
				DEVELOPMENT_TEAM = 33W6NCYSCB;
				GENERATE_INFOPLIST_FILE = YES;
				INFOPLIST_FILE = /Users/Kolya/Documents/SWIFT/YoutubeAPI/Controllers/Info.plist;
				INFOPLIST_KEY_UIApplicationSupportsIndirectInputEvents = YES;
				INFOPLIST_KEY_UILaunchStoryboardName = LaunchScreen;
				INFOPLIST_KEY_UISupportedInterfaceOrientations_iPad = "UIInterfaceOrientationPortrait UIInterfaceOrientationPortraitUpsideDown UIInterfaceOrientationLandscapeLeft UIInterfaceOrientationLandscapeRight";
				INFOPLIST_KEY_UISupportedInterfaceOrientations_iPhone = "UIInterfaceOrientationPortrait UIInterfaceOrientationLandscapeLeft UIInterfaceOrientationLandscapeRight";
				LD_RUNPATH_SEARCH_PATHS = (
					"$(inherited)",
					"@executable_path/Frameworks",
				);
				MARKETING_VERSION = 1.0;
				PRODUCT_BUNDLE_IDENTIFIER = com.kolyavepryk.YoutubeAPI;
				PRODUCT_NAME = "$(TARGET_NAME)";
				SWIFT_EMIT_LOC_STRINGS = YES;
				SWIFT_VERSION = 5.0;
				TARGETED_DEVICE_FAMILY = 1;
			};
			name = Release;
		};
/* End XCBuildConfiguration section */

/* Begin XCConfigurationList section */
		EBDA118228F441AA00CA3BC3 /* Build configuration list for PBXProject "YoutubeAPI" */ = {
			isa = XCConfigurationList;
			buildConfigurations = (
				EBDA119928F441AE00CA3BC3 /* Debug */,
				EBDA119A28F441AE00CA3BC3 /* Release */,
			);
			defaultConfigurationIsVisible = 0;
			defaultConfigurationName = Release;
		};
		EBDA119B28F441AE00CA3BC3 /* Build configuration list for PBXNativeTarget "YoutubeAPI" */ = {
			isa = XCConfigurationList;
			buildConfigurations = (
				EBDA119C28F441AE00CA3BC3 /* Debug */,
				EBDA119D28F441AE00CA3BC3 /* Release */,
			);
			defaultConfigurationIsVisible = 0;
			defaultConfigurationName = Release;
		};
/* End XCConfigurationList section */
	};
	rootObject = EBDA117F28F441AA00CA3BC3 /* Project object */;
}
